{
  "nodes": {
    "darwin-src": {
      "flake": false,
      "locked": {
        "narHash": "sha256-aAbmHXIKLQFk7oeOd9nsyvXLvclPQP/Y3YbWz/N94Nc=",
        "type": "file",
        "url": "https://files2.freedownloadmanager.org/6/latest/fdm.dmg"
      },
      "original": {
        "type": "file",
        "url": "https://files2.freedownloadmanager.org/6/latest/fdm.dmg"
      }
    },
    "dmg-control": {
      "locked": {
        "lastModified": 1748098817,
        "narHash": "sha256-PFn0WEeIsjiFKrSJfkR1F9/ItVEs1nlrw1KwEexF+/0=",
        "owner": "InvraNet",
        "repo": "dmg-control-nix",
        "rev": "60606f54d3bc4ab2c909f0863df7bceb64a537a4",
        "type": "gitlab"
      },
      "original": {
        "owner": "InvraNet",
        "repo": "dmg-control-nix",
        "type": "gitlab"
      }
    },
    "flake-utils": {
      "inputs": {
        "systems": "systems"
      },
      "locked": {
        "lastModified": 1731533236,
        "narHash": "sha256-l0KFg5HjrsfsO/JpG+r7fRrqm12kzFHyUHqHCVpMMbI=",
        "owner": "numtide",
        "repo": "flake-utils",
        "rev": "11707dc2f618dd54ca8739b309ec4fc024de578b",
        "type": "github"
      },
      "original": {
        "owner": "numtide",
        "repo": "flake-utils",
        "type": "github"
      }
    },
    "linux-src": {
      "flake": false,
      "locked": {
        "narHash": "sha256-TFzu29b0dxNjRTFcJwRTENVNDSLNNIpdo+io3qOj4zU=",
        "type": "file",
        "url": "https://files2.freedownloadmanager.org/6/latest/freedownloadmanager.deb"
      },
      "original": {
        "type": "file",
        "url": "https://files2.freedownloadmanager.org/6/latest/freedownloadmanager.deb"
      }
    },
    "nixpkgs": {
      "locked": {
        "lastModified": 1750741721,
        "narHash": "sha256-Z0djmTa1YmnGMfE9jEe05oO4zggjDmxOGKwt844bUhE=",
        "owner": "NixOS",
        "repo": "nixpkgs",
        "rev": "4b1164c3215f018c4442463a27689d973cffd750",
        "type": "github"
      },
      "original": {
        "owner": "NixOS",
        "ref": "nixos-unstable",
        "repo": "nixpkgs",
        "type": "github"
      }
    },
    "root": {
      "inputs": {
        "darwin-src": "darwin-src",
        "dmg-control": "dmg-control",
        "flake-utils": "flake-utils",
        "linux-src": "linux-src",
        "nixpkgs": "nixpkgs"
      }
    },
    "systems": {
      "locked": {
        "lastModified": 1681028828,
        "narHash": "sha256-Vy1rq5AaRuLzOxct8nz4T6wlgyUR7zLU309k9mBC768=",
        "owner": "nix-systems",
        "repo": "default",
        "rev": "da67096a3b9bf56a91d16901293e51ba5b49a27e",
        "type": "github"
      },
      "original": {
        "owner": "nix-systems",
        "repo": "default",
        "type": "github"
      }
    }
  },
  "root": "root",
  "version": 7
}
